
Microsoft Visual Studio Solution File, Format Version 12.00
# Visual Studio Version 17
VisualStudioVersion = 17.4.33205.214
MinimumVisualStudioVersion = 10.0.40219.1
Project("{9A19103F-16F7-4668-BE54-9A1E7A4F7556}") = "Monitor", "Monitor\Monitor.csproj", "{0C48DE29-1188-4B58-857E-9329F781B894}"
EndProject
Project("{FAE04EC0-301F-11D3-BF4B-00C04F79EFBC}") = "Monitor.Tests", "Monitor.Tests\Monitor.Tests.csproj", "{D1C156E8-9140-45A8-B95E-964BC8864B59}"
EndProject
Global
	GlobalSection(SolutionConfigurationPlatforms) = preSolution
		Debug|Any CPU = Debug|Any CPU
		Release|Any CPU = Release|Any CPU
	EndGlobalSection
	GlobalSection(ProjectConfigurationPlatforms) = postSolution
		{0C48DE29-1188-4B58-857E-9329F781B894}.Debug|Any CPU.ActiveCfg = Debug|Any CPU
		{0C48DE29-1188-4B58-857E-9329F781B894}.Debug|Any CPU.Build.0 = Debug|Any CPU
		{0C48DE29-1188-4B58-857E-9329F781B894}.Release|Any CPU.ActiveCfg = Release|Any CPU
		{0C48DE29-1188-4B58-857E-9329F781B894}.Release|Any CPU.Build.0 = Release|Any CPU
		{D1C156E8-9140-45A8-B95E-964BC8864B59}.Debug|Any CPU.ActiveCfg = Debug|Any CPU
		{D1C156E8-9140-45A8-B95E-964BC8864B59}.Debug|Any CPU.Build.0 = Debug|Any CPU
		{D1C156E8-9140-45A8-B95E-964BC8864B59}.Release|Any CPU.ActiveCfg = Release|Any CPU
		{D1C156E8-9140-45A8-B95E-964BC8864B59}.Release|Any CPU.Build.0 = Release|Any CPU
	EndGlobalSection
	GlobalSection(SolutionProperties) = preSolution
		HideSolutionNode = FALSE
	EndGlobalSection
	GlobalSection(ExtensibilityGlobals) = postSolution
		SolutionGuid = {EA517038-8B54-4C94-BE6D-60109DAD37AA}
	EndGlobalSection
EndGlobal
